
Microsoft Visual Studio Solution File, Format Version 12.00
# Visual Studio 15
VisualStudioVersion = 15.0.26124.0
MinimumVisualStudioVersion = 15.0.26124.0
Project("{FAE04EC0-301F-11D3-BF4B-00C04F79EFBC}") = "Text.Tests", "Text.Tests\Text.Tests.csproj", "{3F60C86D-A07C-4C6D-9F42-AF371BDDEB40}"
EndProject
Project("{FAE04EC0-301F-11D3-BF4B-00C04F79EFBC}") = "Text", "Text\Text.csproj", "{F3AB2D10-ED97-45C6-990F-C0EC8806564B}"
EndProject
Global
	GlobalSection(SolutionConfigurationPlatforms) = preSolution
		Debug|Any CPU = Debug|Any CPU
		Debug|x64 = Debug|x64
		Debug|x86 = Debug|x86
		Release|Any CPU = Release|Any CPU
		Release|x64 = Release|x64
		Release|x86 = Release|x86
	EndGlobalSection
	GlobalSection(SolutionProperties) = preSolution
		HideSolutionNode = FALSE
	EndGlobalSection
	GlobalSection(ProjectConfigurationPlatforms) = postSolution
		{3F60C86D-A07C-4C6D-9F42-AF371BDDEB40}.Debug|Any CPU.ActiveCfg = Debug|Any CPU
		{3F60C86D-A07C-4C6D-9F42-AF371BDDEB40}.Debug|Any CPU.Build.0 = Debug|Any CPU
		{3F60C86D-A07C-4C6D-9F42-AF371BDDEB40}.Debug|x64.ActiveCfg = Debug|Any CPU
		{3F60C86D-A07C-4C6D-9F42-AF371BDDEB40}.Debug|x64.Build.0 = Debug|Any CPU
		{3F60C86D-A07C-4C6D-9F42-AF371BDDEB40}.Debug|x86.ActiveCfg = Debug|Any CPU
		{3F60C86D-A07C-4C6D-9F42-AF371BDDEB40}.Debug|x86.Build.0 = Debug|Any CPU
		{3F60C86D-A07C-4C6D-9F42-AF371BDDEB40}.Release|Any CPU.ActiveCfg = Release|Any CPU
		{3F60C86D-A07C-4C6D-9F42-AF371BDDEB40}.Release|Any CPU.Build.0 = Release|Any CPU
		{3F60C86D-A07C-4C6D-9F42-AF371BDDEB40}.Release|x64.ActiveCfg = Release|Any CPU
		{3F60C86D-A07C-4C6D-9F42-AF371BDDEB40}.Release|x64.Build.0 = Release|Any CPU
		{3F60C86D-A07C-4C6D-9F42-AF371BDDEB40}.Release|x86.ActiveCfg = Release|Any CPU
		{3F60C86D-A07C-4C6D-9F42-AF371BDDEB40}.Release|x86.Build.0 = Release|Any CPU
		{F3AB2D10-ED97-45C6-990F-C0EC8806564B}.Debug|Any CPU.ActiveCfg = Debug|Any CPU
		{F3AB2D10-ED97-45C6-990F-C0EC8806564B}.Debug|Any CPU.Build.0 = Debug|Any CPU
		{F3AB2D10-ED97-45C6-990F-C0EC8806564B}.Debug|x64.ActiveCfg = Debug|Any CPU
		{F3AB2D10-ED97-45C6-990F-C0EC8806564B}.Debug|x64.Build.0 = Debug|Any CPU
		{F3AB2D10-ED97-45C6-990F-C0EC8806564B}.Debug|x86.ActiveCfg = Debug|Any CPU
		{F3AB2D10-ED97-45C6-990F-C0EC8806564B}.Debug|x86.Build.0 = Debug|Any CPU
		{F3AB2D10-ED97-45C6-990F-C0EC8806564B}.Release|Any CPU.ActiveCfg = Release|Any CPU
		{F3AB2D10-ED97-45C6-990F-C0EC8806564B}.Release|Any CPU.Build.0 = Release|Any CPU
		{F3AB2D10-ED97-45C6-990F-C0EC8806564B}.Release|x64.ActiveCfg = Release|Any CPU
		{F3AB2D10-ED97-45C6-990F-C0EC8806564B}.Release|x64.Build.0 = Release|Any CPU
		{F3AB2D10-ED97-45C6-990F-C0EC8806564B}.Release|x86.ActiveCfg = Release|Any CPU
		{F3AB2D10-ED97-45C6-990F-C0EC8806564B}.Release|x86.Build.0 = Release|Any CPU
	EndGlobalSection
EndGlobal